# @generated - this file is auto-generated by `mise lock` https://mise.en.dev/dev-tools/mise-lock.html

[[tools.actionlint]]
version = "1.7.12"
backend = "aqua:rhysd/actionlint"

[tools.actionlint."platforms.linux-arm64"]
checksum = "sha256:325e971b6ba9bfa504672e29be93c24981eeb1c07576d730e9f7c8805afff0c6"
url = "https://github.com/rhysd/actionlint/releases/download/v1.7.12/actionlint_1.7.12_linux_arm64.tar.gz"
provenance = "github-attestations"

[tools.actionlint."platforms.linux-arm64-musl"]
checksum = "sha256:325e971b6ba9bfa504672e29be93c24981eeb1c07576d730e9f7c8805afff0c6"
url = "https://github.com/rhysd/actionlint/releases/download/v1.7.12/actionlint_1.7.12_linux_arm64.tar.gz"
provenance = "github-attestations"

[tools.actionlint."platforms.linux-x64"]
checksum = "sha256:8aca8db96f1b94770f1b0d72b6dddcb1ebb8123cb3712530b08cc387b349a3d8"
url = "https://github.com/rhysd/actionlint/releases/download/v1.7.12/actionlint_1.7.12_linux_amd64.tar.gz"
provenance = "github-attestations"

[tools.actionlint."platforms.linux-x64-musl"]
checksum = "sha256:8aca8db96f1b94770f1b0d72b6dddcb1ebb8123cb3712530b08cc387b349a3d8"
url = "https://github.com/rhysd/actionlint/releases/download/v1.7.12/actionlint_1.7.12_linux_amd64.tar.gz"
provenance = "github-attestations"

[tools.actionlint."platforms.macos-arm64"]
checksum = "sha256:aba9ced2dee8d27fecca3dc7feb1a7f9a52caefa1eb46f3271ea66b6e0e6953f"
url = "https://github.com/rhysd/actionlint/releases/download/v1.7.12/actionlint_1.7.12_darwin_arm64.tar.gz"
provenance = "github-attestations"

[tools.actionlint."platforms.macos-x64"]
checksum = "sha256:5b44c3bc2255115c9b69e30efc0fecdf498fdb63c5d58e17084fd5f16324c644"
url = "https://github.com/rhysd/actionlint/releases/download/v1.7.12/actionlint_1.7.12_darwin_amd64.tar.gz"
provenance = "github-attestations"

[tools.actionlint."platforms.windows-x64"]
checksum = "sha256:6e7241b51e6817ea6a047693d8e6fed13b31819c9a0dd6c5a726e1592d22f6e9"
url = "https://github.com/rhysd/actionlint/releases/download/v1.7.12/actionlint_1.7.12_windows_amd64.zip"
provenance = "github-attestations"

[[tools.aube]]
version = "1.10.4"
backend = "github:endevco/aube"

[tools.aube."platforms.linux-arm64"]
checksum = "sha256:45dc6d46e69f1da58360fa8ac353d83c2b84e1ca2e31edb9be912a7729c839c1"
url = "https://github.com/endevco/aube/releases/download/v1.10.4/aube-v1.10.4-aarch64-unknown-linux-gnu.tar.gz"
url_api = "https://api.github.com/repos/endevco/aube/releases/assets/417134849"
provenance = "github-attestations"

[tools.aube."platforms.linux-arm64-musl"]
checksum = "sha256:8094e14b0906ecb2fcdb573700e7c9536abdeedc203a15051723b4fe6247237e"
url = "https://github.com/endevco/aube/releases/download/v1.10.4/aube-v1.10.4-aarch64-unknown-linux-musl.tar.gz"
url_api = "https://api.github.com/repos/endevco/aube/releases/assets/417112128"
provenance = "github-attestations"

[tools.aube."platforms.linux-x64"]
checksum = "sha256:234b5d01ab5818937740ebc773709595e18eb926f2c543273e36670c5c416851"
url = "https://github.com/endevco/aube/releases/download/v1.10.4/aube-v1.10.4-x86_64-unknown-linux-gnu.tar.gz"
url_api = "https://api.github.com/repos/endevco/aube/releases/assets/417115596"
provenance = "github-attestations"

[tools.aube."platforms.linux-x64-musl"]
checksum = "sha256:c6bc24fa4a06f13cc8fa7fdb18bd15c55ec17b2f9ebce478c559b9664bc5abde"
url = "https://github.com/endevco/aube/releases/download/v1.10.4/aube-v1.10.4-x86_64-unknown-linux-musl.tar.gz"
url_api = "https://api.github.com/repos/endevco/aube/releases/assets/417115736"
provenance = "github-attestations"

[tools.aube."platforms.macos-arm64"]
checksum = "sha256:963d276cef7f039a5750bf18d30af7c2457f6d5804fa24bd784458e22a4d1a14"
url = "https://github.com/endevco/aube/releases/download/v1.10.4/aube-v1.10.4-aarch64-apple-darwin.tar.gz"
url_api = "https://api.github.com/repos/endevco/aube/releases/assets/417151945"
provenance = "github-attestations"

[tools.aube."platforms.windows-x64"]
checksum = "sha256:631566d6802cbae88c35a54d8746ac36f56d563a0a680b6c5d882db8b9d495d5"
url = "https://github.com/endevco/aube/releases/download/v1.10.4/aube-v1.10.4-x86_64-pc-windows-msvc.zip"
url_api = "https://api.github.com/repos/endevco/aube/releases/assets/417123778"
provenance = "github-attestations"

[[tools.communique]]
version = "1.1.3"
backend = "github:jdx/communique"

[tools.communique."platforms.linux-arm64"]
checksum = "sha256:ed4cfaf449d75f12734be4b5508104fe4bc224e1694052c31dc78b025408a918"
url = "https://github.com/jdx/communique/releases/download/v1.1.3/communique-aarch64-unknown-linux-gnu.tar.gz"
url_api = "https://api.github.com/repos/jdx/communique/releases/assets/413754362"
provenance = "github-attestations"

[tools.communique."platforms.linux-arm64-musl"]
checksum = "sha256:ece7d0bf5946b86bdead1e7fbc6dd40a41585c1c950f3b637489cb783662bf9f"
url = "https://github.com/jdx/communique/releases/download/v1.1.3/communique-aarch64-unknown-linux-musl.tar.gz"
url_api = "https://api.github.com/repos/jdx/communique/releases/assets/413753918"
provenance = "github-attestations"

[tools.communique."platforms.linux-x64"]
checksum = "sha256:61b46cf231882e0a10e0489df310ec9b875e83da0f38b60d6ac7bd67e09a15dc"
url = "https://github.com/jdx/communique/releases/download/v1.1.3/communique-x86_64-unknown-linux-gnu.tar.gz"
url_api = "https://api.github.com/repos/jdx/communique/releases/assets/413753688"
provenance = "github-attestations"

[tools.communique."platforms.linux-x64-musl"]
checksum = "sha256:9c8d784d8bb91e83cd467ed0d26be6ed3290a61a482413d42b12321aee20d5c0"
url = "https://github.com/jdx/communique/releases/download/v1.1.3/communique-x86_64-unknown-linux-musl.tar.gz"
url_api = "https://api.github.com/repos/jdx/communique/releases/assets/413753784"
provenance = "github-attestations"

[tools.communique."platforms.macos-arm64"]
checksum = "sha256:7113bdb84a75ca23cccada1acc348a0770ec16a4b12a128f7b3f6b8c7764d10c"
url = "https://github.com/jdx/communique/releases/download/v1.1.3/communique-aarch64-apple-darwin.tar.gz"
url_api = "https://api.github.com/repos/jdx/communique/releases/assets/413753891"
provenance = "github-attestations"

[tools.communique."platforms.windows-x64"]
checksum = "sha256:887a39f27f86fa785fd3c27e13b4b0360d68827a9bb747cbe1929fd691708456"
url = "https://github.com/jdx/communique/releases/download/v1.1.3/communique-x86_64-pc-windows-msvc.zip"
url_api = "https://api.github.com/repos/jdx/communique/releases/assets/413755231"
provenance = "github-attestations"

[[tools.node]]
version = "26.2.0"
backend = "core:node"

[tools.node."platforms.linux-arm64"]
checksum = "sha256:bf52461d25017479cdc549642c4e7a2303ac5c5395d7c3d026d5d8b3fa283c05"
url = "https://nodejs.org/dist/v26.2.0/node-v26.2.0-linux-arm64.tar.gz"

[tools.node."platforms.linux-arm64-musl"]
checksum = "sha256:4593d822012fe3238814721909408c66f2a82955e0141457643a7a4c84e132fd"
url = "https://unofficial-builds.nodejs.org/download/release/v26.2.0/node-v26.2.0-linux-arm64-musl.tar.gz"

[tools.node."platforms.linux-x64"]
checksum = "sha256:8e5b4b969bb2414aca2ff84d2b99608511aedca32bf8a8427e6187dbdd703bbe"
url = "https://nodejs.org/dist/v26.2.0/node-v26.2.0-linux-x64.tar.gz"

[tools.node."platforms.linux-x64-musl"]
checksum = "sha256:9efc99332e1cf70eeb85618398467c9d339bc208be65115380c611dda4c28407"
url = "https://unofficial-builds.nodejs.org/download/release/v26.2.0/node-v26.2.0-linux-x64-musl.tar.gz"

[tools.node."platforms.macos-arm64"]
checksum = "sha256:2d8575b6a749c0bc66cc6ecd22a952f7d9bbf3b0ea76fcb0ed3ce858018afff7"
url = "https://nodejs.org/dist/v26.2.0/node-v26.2.0-darwin-arm64.tar.gz"

[tools.node."platforms.macos-x64"]
checksum = "sha256:26a5480d0dd952be86beae83e6636dacd7a3ffd17ef51d0b26bc9b260f2b42e9"
url = "https://nodejs.org/dist/v26.2.0/node-v26.2.0-darwin-x64.tar.gz"

[tools.node."platforms.windows-x64"]
checksum = "sha256:371071a4f7e2c8a5dd280730049c685911feecc59f50ebc488d675dc1087c69c"
url = "https://nodejs.org/dist/v26.2.0/node-v26.2.0-win-x64.zip"

[[tools.python]]
version = "3.14.5"
backend = "core:python"

[tools.python."platforms.linux-arm64"]
checksum = "sha256:bea1aa66159eaf97ade1225e40b7060d709154da961aa37792bb8066d8f6af49"
url = "https://github.com/astral-sh/python-build-standalone/releases/download/20260510/cpython-3.14.5+20260510-aarch64-unknown-linux-gnu-install_only_stripped.tar.gz"
provenance = "github-attestations"

[tools.python."platforms.linux-arm64-musl"]
checksum = "sha256:011e29568c2a6ed64938fba0793ca6225c99bc4d804143a26875b5f9ee3fc7fa"
url = "https://github.com/astral-sh/python-build-standalone/releases/download/20260510/cpython-3.14.5+20260510-aarch64-unknown-linux-musl-install_only_stripped.tar.gz"
provenance = "github-attestations"

[tools.python."platforms.linux-x64"]
checksum = "sha256:dc10977b0db3bef1ee2275107fde6fe9c148135b556fa352e83c6baa67d17ed6"
url = "https://github.com/astral-sh/python-build-standalone/releases/download/20260510/cpython-3.14.5+20260510-x86_64-unknown-linux-gnu-install_only_stripped.tar.gz"
provenance = "github-attestations"

[tools.python."platforms.linux-x64-musl"]
checksum = "sha256:6bc02ce4575e5d5379f4533f3d3f77acfdfd5ccd9c4edf790fcdd84578a1df01"
url = "https://github.com/astral-sh/python-build-standalone/releases/download/20260510/cpython-3.14.5+20260510-x86_64-unknown-linux-musl-install_only_stripped.tar.gz"
provenance = "github-attestations"

[tools.python."platforms.macos-arm64"]
checksum = "sha256:1bb0b3d45448dfe7e916dc62144cfd7d7a611dc6ccf05b8bb71662cc5c2a1ad2"
url = "https://github.com/astral-sh/python-build-standalone/releases/download/20260510/cpython-3.14.5+20260510-aarch64-apple-darwin-install_only_stripped.tar.gz"
provenance = "github-attestations"

[tools.python."platforms.macos-x64"]
checksum = "sha256:38662e526797db4e90b3381706b96821979fece0b536ac14b5c4e1a97e0590d5"
url = "https://github.com/astral-sh/python-build-standalone/releases/download/20260510/cpython-3.14.5+20260510-x86_64-apple-darwin-install_only_stripped.tar.gz"
provenance = "github-attestations"

[tools.python."platforms.windows-x64"]
checksum = "sha256:4d26ade49e9571ccb3bd1a88cfc72c52b11a9a9f6e204a57f38592aed137566a"
url = "https://github.com/astral-sh/python-build-standalone/releases/download/20260510/cpython-3.14.5+20260510-x86_64-pc-windows-msvc-install_only_stripped.tar.gz"
provenance = "github-attestations"

[[tools.zizmor]]
version = "1.25.2"
backend = "aqua:zizmorcore/zizmor"

[tools.zizmor."platforms.linux-arm64"]
checksum = "sha256:4b4b9491112c2a09b318101c0d3349b73af1c4f532e097dd6d0164f2abda760d"
url = "https://github.com/zizmorcore/zizmor/releases/download/v1.25.2/zizmor-aarch64-unknown-linux-gnu.tar.gz"
provenance = "github-attestations"

[tools.zizmor."platforms.linux-arm64-musl"]
provenance = "github-attestations"

[tools.zizmor."platforms.linux-x64"]
checksum = "sha256:aa1facd105f0d83fe5c55b1adcd9d7417de5d83aa27471f91dc0b66cf3803577"
url = "https://github.com/zizmorcore/zizmor/releases/download/v1.25.2/zizmor-x86_64-unknown-linux-gnu.tar.gz"
provenance = "github-attestations"

[tools.zizmor."platforms.linux-x64-musl"]
provenance = "github-attestations"

[tools.zizmor."platforms.macos-arm64"]
checksum = "sha256:624ef0e09521aecd862126be0f6d7754669af2646750d68ac48a114be33c3146"
url = "https://github.com/zizmorcore/zizmor/releases/download/v1.25.2/zizmor-aarch64-apple-darwin.tar.gz"
provenance = "github-attestations"

[tools.zizmor."platforms.macos-x64"]
checksum = "sha256:353271b9ec301dd4ba158af481323c831c6e9b494d5ac3f5aa58cf4b207699cc"
url = "https://github.com/zizmorcore/zizmor/releases/download/v1.25.2/zizmor-x86_64-apple-darwin.tar.gz"
provenance = "github-attestations"

[tools.zizmor."platforms.windows-x64"]
checksum = "sha256:65d46a8144f701200621b580f632076d80d082d60856de9f88793a95fb5882d7"
url = "https://github.com/zizmorcore/zizmor/releases/download/v1.25.2/zizmor-x86_64-pc-windows-msvc.zip"
provenance = "github-attestations"
