# @generated - this file is auto-generated by `mise lock` https://mise.jdx.dev/dev-tools/mise-lock.html

[[tools.actionlint]]
version = "1.7.12"
backend = "aqua:rhysd/actionlint"

[tools.actionlint."platforms.linux-x64"]
checksum = "sha256:8aca8db96f1b94770f1b0d72b6dddcb1ebb8123cb3712530b08cc387b349a3d8"
url = "https://github.com/rhysd/actionlint/releases/download/v1.7.12/actionlint_1.7.12_linux_amd64.tar.gz"
provenance = "github-attestations"

[tools.actionlint."platforms.macos-arm64"]
checksum = "sha256:aba9ced2dee8d27fecca3dc7feb1a7f9a52caefa1eb46f3271ea66b6e0e6953f"
url = "https://github.com/rhysd/actionlint/releases/download/v1.7.12/actionlint_1.7.12_darwin_arm64.tar.gz"
provenance = "github-attestations"

[tools.actionlint."platforms.macos-x64"]
checksum = "sha256:5b44c3bc2255115c9b69e30efc0fecdf498fdb63c5d58e17084fd5f16324c644"
url = "https://github.com/rhysd/actionlint/releases/download/v1.7.12/actionlint_1.7.12_darwin_amd64.tar.gz"
provenance = "github-attestations"

[[tools.aube]]
version = "1.3.0"
backend = "github:endevco/aube"

[tools.aube."platforms.linux-arm64"]
checksum = "sha256:770c4802423516953424f59baa83465354638b519a530b947156e1e556f516b3"
url = "https://github.com/endevco/aube/releases/download/v1.3.0/aube-v1.3.0-aarch64-unknown-linux-gnu.tar.gz"
url_api = "https://api.github.com/repos/endevco/aube/releases/assets/406850964"
provenance = "github-attestations"

[tools.aube."platforms.linux-arm64-musl"]
checksum = "sha256:4b745deca532cd0c26347762983751fa5215f85fe130c4ed7095558056e18b16"
url = "https://github.com/endevco/aube/releases/download/v1.3.0/aube-v1.3.0-aarch64-unknown-linux-musl.tar.gz"
url_api = "https://api.github.com/repos/endevco/aube/releases/assets/406850912"
provenance = "github-attestations"

[tools.aube."platforms.linux-x64"]
checksum = "sha256:ac7b248e1beb413eb3ed5169975dae167c2bbb5a3b990583c6fa849f92cb278f"
url = "https://github.com/endevco/aube/releases/download/v1.3.0/aube-v1.3.0-x86_64-unknown-linux-gnu.tar.gz"
url_api = "https://api.github.com/repos/endevco/aube/releases/assets/406850851"
provenance = "github-attestations"

[tools.aube."platforms.linux-x64-musl"]
checksum = "sha256:2ac059a71ae327615922a3bff14bcc6ac51f069f204427d3e1ae8c81fecf9826"
url = "https://github.com/endevco/aube/releases/download/v1.3.0/aube-v1.3.0-x86_64-unknown-linux-musl.tar.gz"
url_api = "https://api.github.com/repos/endevco/aube/releases/assets/406850796"
provenance = "github-attestations"

[tools.aube."platforms.macos-arm64"]
checksum = "sha256:303696c15502a351e6acbecb24a896b4e69f54bc0041834c974417d227d9481f"
url = "https://github.com/endevco/aube/releases/download/v1.3.0/aube-v1.3.0-aarch64-apple-darwin.tar.gz"
url_api = "https://api.github.com/repos/endevco/aube/releases/assets/406852645"
provenance = "github-attestations"

[tools.aube."platforms.windows-x64"]
checksum = "sha256:89a057d432ec5ff4e234fc90f11c27ac53a05ba289db1740e3bbc1d2a41bf37f"
url = "https://github.com/endevco/aube/releases/download/v1.3.0/aube-v1.3.0-x86_64-pc-windows-msvc.zip"
url_api = "https://api.github.com/repos/endevco/aube/releases/assets/406853464"
provenance = "github-attestations"

[[tools.communique]]
version = "1.1.2"
backend = "github:jdx/communique"

[tools.communique."platforms.linux-arm64"]
checksum = "sha256:7bb0843207fc3d7b5df2a5c0198bb10539cf13a6b247b4adfbf6b302a68f03de"
url = "https://github.com/jdx/communique/releases/download/v1.1.2/communique-aarch64-unknown-linux-gnu.tar.gz"
url_api = "https://api.github.com/repos/jdx/communique/releases/assets/405964161"

[tools.communique."platforms.linux-arm64-musl"]
checksum = "sha256:b663407be77a370c209df40307b82e436f56a6bc23d4e423510d62ac6e1fedf4"
url = "https://github.com/jdx/communique/releases/download/v1.1.2/communique-aarch64-unknown-linux-musl.tar.gz"
url_api = "https://api.github.com/repos/jdx/communique/releases/assets/405964743"

[tools.communique."platforms.linux-x64"]
checksum = "sha256:5e74ead7037f42940c7dba4f6aa4ed968920cbb55a047aa0d291b0c675c65676"
url = "https://github.com/jdx/communique/releases/download/v1.1.2/communique-x86_64-unknown-linux-gnu.tar.gz"
url_api = "https://api.github.com/repos/jdx/communique/releases/assets/405963914"
provenance = "github-attestations"

[tools.communique."platforms.linux-x64-musl"]
checksum = "sha256:01a6a8b49e635a5a209fdaf6c7b2e976374debc2db1c846c033f567fdba0d86c"
url = "https://github.com/jdx/communique/releases/download/v1.1.2/communique-x86_64-unknown-linux-musl.tar.gz"
url_api = "https://api.github.com/repos/jdx/communique/releases/assets/405964691"

[tools.communique."platforms.macos-arm64"]
checksum = "sha256:459993e31a6c4ccbd09882f5679a2bc1ea5d9068701ecefc411a00fb69ce82e6"
url = "https://github.com/jdx/communique/releases/download/v1.1.2/communique-aarch64-apple-darwin.tar.gz"
url_api = "https://api.github.com/repos/jdx/communique/releases/assets/405964098"

[tools.communique."platforms.windows-x64"]
checksum = "sha256:3cc0e880ac2168aed3163223627bbd1eee62e07a9901cb85cb507c6c8927bc93"
url = "https://github.com/jdx/communique/releases/download/v1.1.2/communique-x86_64-pc-windows-msvc.zip"
url_api = "https://api.github.com/repos/jdx/communique/releases/assets/405964430"

[[tools.node]]
version = "25.9.0"
backend = "core:node"

[tools.node."platforms.linux-x64"]
checksum = "sha256:134e55b2408448a219760fe04dc44d6851f9de8a79549021ffd870e9082d9e7b"
url = "https://nodejs.org/dist/v25.9.0/node-v25.9.0-linux-x64.tar.gz"

[tools.node."platforms.macos-arm64"]
checksum = "sha256:e479f3c469d3d9303a44f00a8ea37a3788395d171bb8059c48a4bbbd2e371b59"
url = "https://nodejs.org/dist/v25.9.0/node-v25.9.0-darwin-arm64.tar.gz"

[tools.node."platforms.macos-x64"]
checksum = "sha256:7d737b53ce191142bfa1c17cfa5b070d96e84eebf76b8dd06d84981cbdc3f7e3"
url = "https://nodejs.org/dist/v25.9.0/node-v25.9.0-darwin-x64.tar.gz"

[[tools.python]]
version = "3.14.4"
backend = "core:python"

[tools.python."platforms.linux-x64"]
checksum = "sha256:fe9a9c32d13870af632cbac3dfc7528ae53597e94472aa4c7d6a42e8166136cd"
url = "https://github.com/astral-sh/python-build-standalone/releases/download/20260414/cpython-3.14.4+20260414-x86_64-unknown-linux-gnu-install_only_stripped.tar.gz"
provenance = "github-attestations"

[tools.python."platforms.macos-arm64"]
checksum = "sha256:6f304f4ec30854611f23316578302235fb517cd970519ecdd11a8c4db87fd843"
url = "https://github.com/astral-sh/python-build-standalone/releases/download/20260414/cpython-3.14.4+20260414-aarch64-apple-darwin-install_only_stripped.tar.gz"
provenance = "github-attestations"

[tools.python."platforms.macos-x64"]
checksum = "sha256:d51250a32fa5d9f0799c7bcb71720c27b10a3afd4a7de288120f96085d508a5a"
url = "https://github.com/astral-sh/python-build-standalone/releases/download/20260414/cpython-3.14.4+20260414-x86_64-apple-darwin-install_only_stripped.tar.gz"
provenance = "github-attestations"

[[tools.zizmor]]
version = "1.24.1"
backend = "aqua:zizmorcore/zizmor"

[tools.zizmor."platforms.linux-x64"]
checksum = "sha256:a8000f3c683319a523d3b20df0e75457ba591f049cfcbfa98966631b56733c03"
url = "https://github.com/zizmorcore/zizmor/releases/download/v1.24.1/zizmor-x86_64-unknown-linux-gnu.tar.gz"
provenance = "github-attestations"

[tools.zizmor."platforms.macos-arm64"]
checksum = "sha256:fc4ea59e18bc028dddb5f710b16dbc361b01ff1e7a20c03b8e5778366ca9f4e1"
url = "https://github.com/zizmorcore/zizmor/releases/download/v1.24.1/zizmor-aarch64-apple-darwin.tar.gz"
provenance = "github-attestations"

[tools.zizmor."platforms.macos-x64"]
checksum = "sha256:721ba70d7fca753aeef1a4ee959a9bc20c55784d4faa6c56e66129a2611fd52f"
url = "https://github.com/zizmorcore/zizmor/releases/download/v1.24.1/zizmor-x86_64-apple-darwin.tar.gz"
provenance = "github-attestations"
